
Microsoft Visual Studio Solution File, Format Version 12.00
# Visual Studio Version 16
VisualStudioVersion = 16.0.32630.194
MinimumVisualStudioVersion = 10.0.40219.1
Project("{FAE04EC0-301F-11D3-BF4B-00C04F79EFBC}") = "laboratorio 6", "laboratorio 6\laboratorio 6.csproj", "{2CAA1EB8-400C-4294-B708-23093B363C14}"
EndProject
Global
	GlobalSection(SolutionConfigurationPlatforms) = preSolution
		Debug|Any CPU = Debug|Any CPU
		Release|Any CPU = Release|Any CPU
	EndGlobalSection
	GlobalSection(ProjectConfigurationPlatforms) = postSolution
		{2CAA1EB8-400C-4294-B708-23093B363C14}.Debug|Any CPU.ActiveCfg = Debug|Any CPU
		{2CAA1EB8-400C-4294-B708-23093B363C14}.Debug|Any CPU.Build.0 = Debug|Any CPU
		{2CAA1EB8-400C-4294-B708-23093B363C14}.Release|Any CPU.ActiveCfg = Release|Any CPU
		{2CAA1EB8-400C-4294-B708-23093B363C14}.Release|Any CPU.Build.0 = Release|Any CPU
	EndGlobalSection
	GlobalSection(SolutionProperties) = preSolution
		HideSolutionNode = FALSE
	EndGlobalSection
	GlobalSection(ExtensibilityGlobals) = postSolution
		SolutionGuid = {B83443DD-487F-41DA-8617-897166890B60}
	EndGlobalSection
EndGlobal
